{
  "name": "typescript-example",
  "version": "1.0.0",
  "lockfileVersion": 3,
  "requires": true,
  "packages": {
    "": {
      "name": "typescript-example",
      "version": "1.0.0",
      "license": "ISC",
      "dependencies": {
        "multiplatform": "file:../build/dist/js/productionLibrary",
        "typescript": "^5.8.3"
      }
    },
    "../build/compileSync/js/main/productionLibrary/kotlin": {
      "extraneous": true
    },
    "../build/dist/js/productionLibrary": {
      "name": "multiplatform",
      "version": "1.0.0",
      "devDependencies": {
        "typescript": "5.7.3"
      }
    },
    "../build/js/packages/multiplatform/kotlin": {
      "extraneous": true
    },
    "../dist/js/producctionLibrary": {
      "extraneous": true
    },
    "node_modules/multiplatform": {
      "resolved": "../build/dist/js/productionLibrary",
      "link": true
    },
    "node_modules/typescript": {
      "version": "5.8.3",
      "resolved": "https://registry.npmjs.org/typescript/-/typescript-5.8.3.tgz",
      "integrity": "sha512-p1diW6TqL9L07nNxvRMM7hMMw4c5XOo/1ibL4aAIGmSAt9slTE1Xgw5KWuof2uTOvCg9BY7ZRi+GaF+7sfgPeQ==",
      "license": "Apache-2.0",
      "bin": {
        "tsc": "bin/tsc",
        "tsserver": "bin/tsserver"
      },
      "engines": {
        "node": ">=14.17"
      }
    }
  }
}
